
Microsoft Visual Studio Solution File, Format Version 12.00
# Visual Studio Version 16
VisualStudioVersion = 25.0.1703.0
MinimumVisualStudioVersion = 10.0.40219.1
Project("{FAE04EC0-301F-11D3-BF4B-00C04F79EFBC}") = "MyProject", "MyProject\MyProject.csproj", "{E524D6F2-8422-4893-B16B-414DED0920C5}"
EndProject
Project("{FAE04EC0-301F-11D3-BF4B-00C04F79EFBC}") = "MyProject.Test", "MyProject.Test\MyProject.Test.csproj", "{4B0ED4A3-0CAB-454A-A31B-11AC1D4146F2}"
EndProject
Project("{2150E333-8FDC-42A3-9474-1A3956D46DE8}") = "Solution Items", "Solution Items", "{0B3D3992-CA82-4C5B-B9D5-DFF79C272AD1}"
	ProjectSection(SolutionItems) = preProject
		README.md = README.md
	EndProjectSection
EndProject
Global
	GlobalSection(SolutionConfigurationPlatforms) = preSolution
		Debug|Any CPU = Debug|Any CPU
		Release|Any CPU = Release|Any CPU
	EndGlobalSection
	GlobalSection(ProjectConfigurationPlatforms) = postSolution
		{E524D6F2-8422-4893-B16B-414DED0920C5}.Debug|Any CPU.ActiveCfg = Debug|Any CPU
		{E524D6F2-8422-4893-B16B-414DED0920C5}.Debug|Any CPU.Build.0 = Debug|Any CPU
		{E524D6F2-8422-4893-B16B-414DED0920C5}.Release|Any CPU.ActiveCfg = Release|Any CPU
		{E524D6F2-8422-4893-B16B-414DED0920C5}.Release|Any CPU.Build.0 = Release|Any CPU
		{4B0ED4A3-0CAB-454A-A31B-11AC1D4146F2}.Debug|Any CPU.ActiveCfg = Debug|Any CPU
		{4B0ED4A3-0CAB-454A-A31B-11AC1D4146F2}.Debug|Any CPU.Build.0 = Debug|Any CPU
		{4B0ED4A3-0CAB-454A-A31B-11AC1D4146F2}.Release|Any CPU.ActiveCfg = Release|Any CPU
		{4B0ED4A3-0CAB-454A-A31B-11AC1D4146F2}.Release|Any CPU.Build.0 = Release|Any CPU
	EndGlobalSection
	GlobalSection(SolutionProperties) = preSolution
		HideSolutionNode = FALSE
	EndGlobalSection
	GlobalSection(ExtensibilityGlobals) = postSolution
		SolutionGuid = {999A4A85-217A-4A92-9459-B8CB917A18F2}
	EndGlobalSection
EndGlobal
